
Microsoft Visual Studio Solution File, Format Version 12.00
# Visual Studio 15
VisualStudioVersion = 15.0.28307.1340
MinimumVisualStudioVersion = 10.0.40219.1
Project("{8BC9CEB8-8B4A-11D0-8D11-00A0C91BC942}") = "COP 3003 Tutorial 2 Aaron Jones", "COP 3003 Tutorial 2 Aaron Jones\COP 3003 Tutorial 2 Aaron Jones.vcxproj", "{319420C1-B4B8-4DF4-A3DC-9002278A9D97}"
EndProject
Global
	GlobalSection(SolutionConfigurationPlatforms) = preSolution
		Debug|x64 = Debug|x64
		Debug|x86 = Debug|x86
		Release|x64 = Release|x64
		Release|x86 = Release|x86
	EndGlobalSection
	GlobalSection(ProjectConfigurationPlatforms) = postSolution
		{319420C1-B4B8-4DF4-A3DC-9002278A9D97}.Debug|x64.ActiveCfg = Debug|x64
		{319420C1-B4B8-4DF4-A3DC-9002278A9D97}.Debug|x64.Build.0 = Debug|x64
		{319420C1-B4B8-4DF4-A3DC-9002278A9D97}.Debug|x86.ActiveCfg = Debug|Win32
		{319420C1-B4B8-4DF4-A3DC-9002278A9D97}.Debug|x86.Build.0 = Debug|Win32
		{319420C1-B4B8-4DF4-A3DC-9002278A9D97}.Release|x64.ActiveCfg = Release|x64
		{319420C1-B4B8-4DF4-A3DC-9002278A9D97}.Release|x64.Build.0 = Release|x64
		{319420C1-B4B8-4DF4-A3DC-9002278A9D97}.Release|x86.ActiveCfg = Release|Win32
		{319420C1-B4B8-4DF4-A3DC-9002278A9D97}.Release|x86.Build.0 = Release|Win32
	EndGlobalSection
	GlobalSection(SolutionProperties) = preSolution
		HideSolutionNode = FALSE
	EndGlobalSection
	GlobalSection(ExtensibilityGlobals) = postSolution
		SolutionGuid = {FEBF61F7-7497-48DD-A630-9DDD8AA536F1}
	EndGlobalSection
EndGlobal
